
Microsoft Visual Studio Solution File, Format Version 12.00
Project("{FAE04EC0-301F-11D3-BF4B-00C04F79EFBC}") = "backend", "backend\backend.csproj", "{3E256391-E64F-43A7-A5EB-855601D0D655}"
EndProject
Project("{2150E333-8FDC-42A3-9474-1A3956D46DE8}") = "Solution Items", "Solution Items", "{BC4E640F-6397-4D32-BAE7-46A3F620D515}"
	ProjectSection(SolutionItems) = preProject
		compose.yaml = compose.yaml
	EndProjectSection
EndProject
Global
	GlobalSection(SolutionConfigurationPlatforms) = preSolution
		Debug|Any CPU = Debug|Any CPU
		Release|Any CPU = Release|Any CPU
	EndGlobalSection
	GlobalSection(ProjectConfigurationPlatforms) = postSolution
		{3E256391-E64F-43A7-A5EB-855601D0D655}.Debug|Any CPU.ActiveCfg = Debug|Any CPU
		{3E256391-E64F-43A7-A5EB-855601D0D655}.Debug|Any CPU.Build.0 = Debug|Any CPU
		{3E256391-E64F-43A7-A5EB-855601D0D655}.Release|Any CPU.ActiveCfg = Release|Any CPU
		{3E256391-E64F-43A7-A5EB-855601D0D655}.Release|Any CPU.Build.0 = Release|Any CPU
	EndGlobalSection
EndGlobal
